// !$*UTF8*$!
{
	archiveVersion = 1;
	classes = {
	};
	objectVersion = 46;
	objects = {

/* Begin PBXBuildFile section */
		4F4600291873293D00F6659C /* Foundation.framework in Frameworks */ = {isa = PBXBuildFile; fileRef = 4F4600281873293D00F6659C /* Foundation.framework */; };
		4F4600371873293D00F6659C /* XCTest.framework in Frameworks */ = {isa = PBXBuildFile; fileRef = 4F4600361873293D00F6659C /* XCTest.framework */; };
		4F4600381873293D00F6659C /* Foundation.framework in Frameworks */ = {isa = PBXBuildFile; fileRef = 4F4600281873293D00F6659C /* Foundation.framework */; };
		4F46003A1873293D00F6659C /* UIKit.framework in Frameworks */ = {isa = PBXBuildFile; fileRef = 4F4600391873293D00F6659C /* UIKit.framework */; };
		4F46003D1873293D00F6659C /* libUIBinding.a in Frameworks */ = {isa = PBXBuildFile; fileRef = 4F4600251873293D00F6659C /* libUIBinding.a */; };
		4F4600431873293D00F6659C /* InfoPlist.strings in Resources */ = {isa = PBXBuildFile; fileRef = 4F4600411873293D00F6659C /* InfoPlist.strings */; };
		4F4600451873293D00F6659C /* UIBindingTests.m in Sources */ = {isa = PBXBuildFile; fileRef = 4F4600441873293D00F6659C /* UIBindingTests.m */; };
		4F4600581873308F00F6659C /* UIBindingManager.m in Sources */ = {isa = PBXBuildFile; fileRef = 4F4600501873308F00F6659C /* UIBindingManager.m */; };
		4F4600591873308F00F6659C /* UIBoundDatePicker.m in Sources */ = {isa = PBXBuildFile; fileRef = 4F4600521873308F00F6659C /* UIBoundDatePicker.m */; };
		4F46005A1873308F00F6659C /* UIBoundLabel.m in Sources */ = {isa = PBXBuildFile; fileRef = 4F4600551873308F00F6659C /* UIBoundLabel.m */; };
		4F46005B1873308F00F6659C /* UIBoundTextField.m in Sources */ = {isa = PBXBuildFile; fileRef = 4F4600571873308F00F6659C /* UIBoundTextField.m */; };
		4F46005E1873608900F6659C /* UIBoundLabelTests.m in Sources */ = {isa = PBXBuildFile; fileRef = 4F46005D1873608900F6659C /* UIBoundLabelTests.m */; };
		4F4600F81875E63300F6659C /* UIBinding.h in Headers */ = {isa = PBXBuildFile; fileRef = 4F46004E1873308F00F6659C /* UIBinding.h */; settings = {ATTRIBUTES = (Public, ); }; };
		4F4600F91875E63300F6659C /* UIBindingManager.h in Headers */ = {isa = PBXBuildFile; fileRef = 4F46004F1873308F00F6659C /* UIBindingManager.h */; settings = {ATTRIBUTES = (Public, ); }; };
		4F4600FA1875E63300F6659C /* UIBoundDatePicker.h in Headers */ = {isa = PBXBuildFile; fileRef = 4F4600511873308F00F6659C /* UIBoundDatePicker.h */; settings = {ATTRIBUTES = (Public, ); }; };
		4F4600FB1875E63300F6659C /* UIBoundField.h in Headers */ = {isa = PBXBuildFile; fileRef = 4F4600531873308F00F6659C /* UIBoundField.h */; settings = {ATTRIBUTES = (Public, ); }; };
		4F4600FC1875E63300F6659C /* UIBoundLabel.h in Headers */ = {isa = PBXBuildFile; fileRef = 4F4600541873308F00F6659C /* UIBoundLabel.h */; settings = {ATTRIBUTES = (Public, ); }; };
		4F4600FD1875E63300F6659C /* UIBoundTextField.h in Headers */ = {isa = PBXBuildFile; fileRef = 4F4600561873308F00F6659C /* UIBoundTextField.h */; settings = {ATTRIBUTES = (Public, ); }; };
		4F4601051875E9F500F6659C /* UIBinding.h in Headers */ = {isa = PBXBuildFile; fileRef = 4F46004E1873308F00F6659C /* UIBinding.h */; settings = {ATTRIBUTES = (Public, ); }; };
		4F4601061875E9F500F6659C /* UIBindingManager.h in Headers */ = {isa = PBXBuildFile; fileRef = 4F46004F1873308F00F6659C /* UIBindingManager.h */; settings = {ATTRIBUTES = (Public, ); }; };
		4F4601071875E9F500F6659C /* UIBoundDatePicker.h in Headers */ = {isa = PBXBuildFile; fileRef = 4F4600511873308F00F6659C /* UIBoundDatePicker.h */; settings = {ATTRIBUTES = (Public, ); }; };
		4F4601081875E9F500F6659C /* UIBoundField.h in Headers */ = {isa = PBXBuildFile; fileRef = 4F4600531873308F00F6659C /* UIBoundField.h */; settings = {ATTRIBUTES = (Public, ); }; };
		4F4601091875E9F500F6659C /* UIBoundLabel.h in Headers */ = {isa = PBXBuildFile; fileRef = 4F4600541873308F00F6659C /* UIBoundLabel.h */; settings = {ATTRIBUTES = (Public, ); }; };
		4F46010A1875E9F500F6659C /* UIBoundTextField.h in Headers */ = {isa = PBXBuildFile; fileRef = 4F4600561873308F00F6659C /* UIBoundTextField.h */; settings = {ATTRIBUTES = (Public, ); }; };
/* End PBXBuildFile section */

/* Begin PBXContainerItemProxy section */
		4F46003B1873293D00F6659C /* PBXContainerItemProxy */ = {
			isa = PBXContainerItemProxy;
			containerPortal = 4F46001D1873293D00F6659C /* Project object */;
			proxyType = 1;
			remoteGlobalIDString = 4F4600241873293D00F6659C;
			remoteInfo = UIBinding;
		};
/* End PBXContainerItemProxy section */

/* Begin PBXCopyFilesBuildPhase section */
		4F4600231873293D00F6659C /* CopyFiles */ = {
			isa = PBXCopyFilesBuildPhase;
			buildActionMask = 2147483647;
			dstPath = "include/$(PRODUCT_NAME)";
			dstSubfolderSpec = 16;
			files = (
			);
			runOnlyForDeploymentPostprocessing = 0;
		};
/* End PBXCopyFilesBuildPhase section */

/* Begin PBXFileReference section */
		4F4600251873293D00F6659C /* libUIBinding.a */ = {isa = PBXFileReference; explicitFileType = archive.ar; includeInIndex = 0; path = libUIBinding.a; sourceTree = BUILT_PRODUCTS_DIR; };
		4F4600281873293D00F6659C /* Foundation.framework */ = {isa = PBXFileReference; lastKnownFileType = wrapper.framework; name = Foundation.framework; path = System/Library/Frameworks/Foundation.framework; sourceTree = SDKROOT; };
		4F46002C1873293D00F6659C /* UIBinding-Prefix.pch */ = {isa = PBXFileReference; lastKnownFileType = sourcecode.c.h; name = "UIBinding-Prefix.pch"; path = "../Classes/UIBinding-Prefix.pch"; sourceTree = "<group>"; };
		4F4600351873293D00F6659C /* UIBindingTests.xctest */ = {isa = PBXFileReference; explicitFileType = wrapper.cfbundle; includeInIndex = 0; path = UIBindingTests.xctest; sourceTree = BUILT_PRODUCTS_DIR; };
		4F4600361873293D00F6659C /* XCTest.framework */ = {isa = PBXFileReference; lastKnownFileType = wrapper.framework; name = XCTest.framework; path = Library/Frameworks/XCTest.framework; sourceTree = DEVELOPER_DIR; };
		4F4600391873293D00F6659C /* UIKit.framework */ = {isa = PBXFileReference; lastKnownFileType = wrapper.framework; name = UIKit.framework; path = Library/Frameworks/UIKit.framework; sourceTree = DEVELOPER_DIR; };
		4F4600401873293D00F6659C /* UIBindingTests-Info.plist */ = {isa = PBXFileReference; lastKnownFileType = text.plist.xml; path = "UIBindingTests-Info.plist"; sourceTree = "<group>"; };
		4F4600421873293D00F6659C /* en */ = {isa = PBXFileReference; lastKnownFileType = text.plist.strings; name = en; path = en.lproj/InfoPlist.strings; sourceTree = "<group>"; };
		4F4600441873293D00F6659C /* UIBindingTests.m */ = {isa = PBXFileReference; lastKnownFileType = sourcecode.c.objc; path = UIBindingTests.m; sourceTree = "<group>"; };
		4F46004E1873308F00F6659C /* UIBinding.h */ = {isa = PBXFileReference; fileEncoding = 4; lastKnownFileType = sourcecode.c.h; path = UIBinding.h; sourceTree = "<group>"; };
		4F46004F1873308F00F6659C /* UIBindingManager.h */ = {isa = PBXFileReference; fileEncoding = 4; lastKnownFileType = sourcecode.c.h; path = UIBindingManager.h; sourceTree = "<group>"; };
		4F4600501873308F00F6659C /* UIBindingManager.m */ = {isa = PBXFileReference; fileEncoding = 4; lastKnownFileType = sourcecode.c.objc; path = UIBindingManager.m; sourceTree = "<group>"; };
		4F4600511873308F00F6659C /* UIBoundDatePicker.h */ = {isa = PBXFileReference; fileEncoding = 4; lastKnownFileType = sourcecode.c.h; path = UIBoundDatePicker.h; sourceTree = "<group>"; };
		4F4600521873308F00F6659C /* UIBoundDatePicker.m */ = {isa = PBXFileReference; fileEncoding = 4; lastKnownFileType = sourcecode.c.objc; path = UIBoundDatePicker.m; sourceTree = "<group>"; };
		4F4600531873308F00F6659C /* UIBoundField.h */ = {isa = PBXFileReference; fileEncoding = 4; lastKnownFileType = sourcecode.c.h; path = UIBoundField.h; sourceTree = "<group>"; };
		4F4600541873308F00F6659C /* UIBoundLabel.h */ = {isa = PBXFileReference; fileEncoding = 4; lastKnownFileType = sourcecode.c.h; path = UIBoundLabel.h; sourceTree = "<group>"; };
		4F4600551873308F00F6659C /* UIBoundLabel.m */ = {isa = PBXFileReference; fileEncoding = 4; lastKnownFileType = sourcecode.c.objc; path = UIBoundLabel.m; sourceTree = "<group>"; };
		4F4600561873308F00F6659C /* UIBoundTextField.h */ = {isa = PBXFileReference; fileEncoding = 4; lastKnownFileType = sourcecode.c.h; path = UIBoundTextField.h; sourceTree = "<group>"; };
		4F4600571873308F00F6659C /* UIBoundTextField.m */ = {isa = PBXFileReference; fileEncoding = 4; lastKnownFileType = sourcecode.c.objc; path = UIBoundTextField.m; sourceTree = "<group>"; };
		4F46005C1873452600F6659C /* UIBinding.podspec */ = {isa = PBXFileReference; fileEncoding = 4; lastKnownFileType = text; path = UIBinding.podspec; sourceTree = "<group>"; };
		4F46005D1873608900F6659C /* UIBoundLabelTests.m */ = {isa = PBXFileReference; fileEncoding = 4; lastKnownFileType = sourcecode.c.objc; path = UIBoundLabelTests.m; sourceTree = "<group>"; };
		4F4600651875D94F00F6659C /* CoreGraphics.framework */ = {isa = PBXFileReference; lastKnownFileType = wrapper.framework; name = CoreGraphics.framework; path = System/Library/Frameworks/CoreGraphics.framework; sourceTree = SDKROOT; };
/* End PBXFileReference section */

/* Begin PBXFrameworksBuildPhase section */
		4F4600221873293D00F6659C /* Frameworks */ = {
			isa = PBXFrameworksBuildPhase;
			buildActionMask = 2147483647;
			files = (
				4F4600291873293D00F6659C /* Foundation.framework in Frameworks */,
			);
			runOnlyForDeploymentPostprocessing = 0;
		};
		4F4600321873293D00F6659C /* Frameworks */ = {
			isa = PBXFrameworksBuildPhase;
			buildActionMask = 2147483647;
			files = (
				4F4600371873293D00F6659C /* XCTest.framework in Frameworks */,
				4F46003D1873293D00F6659C /* libUIBinding.a in Frameworks */,
				4F46003A1873293D00F6659C /* UIKit.framework in Frameworks */,
				4F4600381873293D00F6659C /* Foundation.framework in Frameworks */,
			);
			runOnlyForDeploymentPostprocessing = 0;
		};
/* End PBXFrameworksBuildPhase section */

/* Begin PBXGroup section */
		4F46001C1873293D00F6659C = {
			isa = PBXGroup;
			children = (
				4F46005C1873452600F6659C /* UIBinding.podspec */,
				4F46002A1873293D00F6659C /* Classes */,
				4F46003E1873293D00F6659C /* UIBindingTests */,
				4F4600271873293D00F6659C /* Frameworks */,
				4F4600261873293D00F6659C /* Products */,
			);
			sourceTree = "<group>";
		};
		4F4600261873293D00F6659C /* Products */ = {
			isa = PBXGroup;
			children = (
				4F4600251873293D00F6659C /* libUIBinding.a */,
				4F4600351873293D00F6659C /* UIBindingTests.xctest */,
			);
			name = Products;
			sourceTree = "<group>";
		};
		4F4600271873293D00F6659C /* Frameworks */ = {
			isa = PBXGroup;
			children = (
				4F4600281873293D00F6659C /* Foundation.framework */,
				4F4600361873293D00F6659C /* XCTest.framework */,
				4F4600391873293D00F6659C /* UIKit.framework */,
				4F4600651875D94F00F6659C /* CoreGraphics.framework */,
			);
			name = Frameworks;
			sourceTree = "<group>";
		};
		4F46002A1873293D00F6659C /* Classes */ = {
			isa = PBXGroup;
			children = (
				4F46004E1873308F00F6659C /* UIBinding.h */,
				4F46004F1873308F00F6659C /* UIBindingManager.h */,
				4F4600501873308F00F6659C /* UIBindingManager.m */,
				4F4600511873308F00F6659C /* UIBoundDatePicker.h */,
				4F4600521873308F00F6659C /* UIBoundDatePicker.m */,
				4F4600531873308F00F6659C /* UIBoundField.h */,
				4F4600541873308F00F6659C /* UIBoundLabel.h */,
				4F4600551873308F00F6659C /* UIBoundLabel.m */,
				4F4600561873308F00F6659C /* UIBoundTextField.h */,
				4F4600571873308F00F6659C /* UIBoundTextField.m */,
				4F46002B1873293D00F6659C /* Supporting Files */,
			);
			path = Classes;
			sourceTree = "<group>";
		};
		4F46002B1873293D00F6659C /* Supporting Files */ = {
			isa = PBXGroup;
			children = (
				4F46002C1873293D00F6659C /* UIBinding-Prefix.pch */,
			);
			name = "Supporting Files";
			sourceTree = "<group>";
		};
		4F46003E1873293D00F6659C /* UIBindingTests */ = {
			isa = PBXGroup;
			children = (
				4F4600441873293D00F6659C /* UIBindingTests.m */,
				4F46005D1873608900F6659C /* UIBoundLabelTests.m */,
				4F46003F1873293D00F6659C /* Supporting Files */,
			);
			path = UIBindingTests;
			sourceTree = "<group>";
		};
		4F46003F1873293D00F6659C /* Supporting Files */ = {
			isa = PBXGroup;
			children = (
				4F4600401873293D00F6659C /* UIBindingTests-Info.plist */,
				4F4600411873293D00F6659C /* InfoPlist.strings */,
			);
			name = "Supporting Files";
			sourceTree = "<group>";
		};
/* End PBXGroup section */

/* Begin PBXHeadersBuildPhase section */
		4F4600F71875E61B00F6659C /* Headers */ = {
			isa = PBXHeadersBuildPhase;
			buildActionMask = 2147483647;
			files = (
				4F4600F81875E63300F6659C /* UIBinding.h in Headers */,
				4F4600F91875E63300F6659C /* UIBindingManager.h in Headers */,
				4F4600FA1875E63300F6659C /* UIBoundDatePicker.h in Headers */,
				4F4600FB1875E63300F6659C /* UIBoundField.h in Headers */,
				4F4600FC1875E63300F6659C /* UIBoundLabel.h in Headers */,
				4F4600FD1875E63300F6659C /* UIBoundTextField.h in Headers */,
			);
			runOnlyForDeploymentPostprocessing = 0;
		};
		4F4601041875E9EC00F6659C /* Headers */ = {
			isa = PBXHeadersBuildPhase;
			buildActionMask = 2147483647;
			files = (
				4F4601051875E9F500F6659C /* UIBinding.h in Headers */,
				4F4601061875E9F500F6659C /* UIBindingManager.h in Headers */,
				4F4601071875E9F500F6659C /* UIBoundDatePicker.h in Headers */,
				4F4601081875E9F500F6659C /* UIBoundField.h in Headers */,
				4F4601091875E9F500F6659C /* UIBoundLabel.h in Headers */,
				4F46010A1875E9F500F6659C /* UIBoundTextField.h in Headers */,
			);
			runOnlyForDeploymentPostprocessing = 0;
		};
/* End PBXHeadersBuildPhase section */

/* Begin PBXNativeTarget section */
		4F4600241873293D00F6659C /* UIBinding */ = {
			isa = PBXNativeTarget;
			buildConfigurationList = 4F4600481873293D00F6659C /* Build configuration list for PBXNativeTarget "UIBinding" */;
			buildPhases = (
				4F4600211873293D00F6659C /* Sources */,
				4F4600221873293D00F6659C /* Frameworks */,
				4F4600231873293D00F6659C /* CopyFiles */,
				4F4601041875E9EC00F6659C /* Headers */,
			);
			buildRules = (
			);
			dependencies = (
			);
			name = UIBinding;
			productName = UIBinding;
			productReference = 4F4600251873293D00F6659C /* libUIBinding.a */;
			productType = "com.apple.product-type.library.static";
		};
		4F4600341873293D00F6659C /* UIBindingTests */ = {
			isa = PBXNativeTarget;
			buildConfigurationList = 4F46004B1873293D00F6659C /* Build configuration list for PBXNativeTarget "UIBindingTests" */;
			buildPhases = (
				4F4600311873293D00F6659C /* Sources */,
				4F4600321873293D00F6659C /* Frameworks */,
				4F4600331873293D00F6659C /* Resources */,
				4F4600F71875E61B00F6659C /* Headers */,
			);
			buildRules = (
			);
			dependencies = (
				4F46003C1873293D00F6659C /* PBXTargetDependency */,
			);
			name = UIBindingTests;
			productName = UIBindingTests;
			productReference = 4F4600351873293D00F6659C /* UIBindingTests.xctest */;
			productType = "com.apple.product-type.bundle.unit-test";
		};
/* End PBXNativeTarget section */

/* Begin PBXProject section */
		4F46001D1873293D00F6659C /* Project object */ = {
			isa = PBXProject;
			attributes = {
				LastUpgradeCheck = 0500;
				ORGANIZATIONNAME = "Peter Davidson";
				TargetAttributes = {
					4F4600341873293D00F6659C = {
						TestTargetID = 4F4600241873293D00F6659C;
					};
				};
			};
			buildConfigurationList = 4F4600201873293D00F6659C /* Build configuration list for PBXProject "UIBinding" */;
			compatibilityVersion = "Xcode 3.2";
			developmentRegion = English;
			hasScannedForEncodings = 0;
			knownRegions = (
				en,
				Base,
			);
			mainGroup = 4F46001C1873293D00F6659C;
			productRefGroup = 4F4600261873293D00F6659C /* Products */;
			projectDirPath = "";
			projectRoot = "";
			targets = (
				4F4600341873293D00F6659C /* UIBindingTests */,
				4F4600241873293D00F6659C /* UIBinding */,
			);
		};
/* End PBXProject section */

/* Begin PBXResourcesBuildPhase section */
		4F4600331873293D00F6659C /* Resources */ = {
			isa = PBXResourcesBuildPhase;
			buildActionMask = 2147483647;
			files = (
				4F4600431873293D00F6659C /* InfoPlist.strings in Resources */,
			);
			runOnlyForDeploymentPostprocessing = 0;
		};
/* End PBXResourcesBuildPhase section */

/* Begin PBXSourcesBuildPhase section */
		4F4600211873293D00F6659C /* Sources */ = {
			isa = PBXSourcesBuildPhase;
			buildActionMask = 2147483647;
			files = (
				4F46005B1873308F00F6659C /* UIBoundTextField.m in Sources */,
				4F4600591873308F00F6659C /* UIBoundDatePicker.m in Sources */,
				4F46005A1873308F00F6659C /* UIBoundLabel.m in Sources */,
				4F4600581873308F00F6659C /* UIBindingManager.m in Sources */,
			);
			runOnlyForDeploymentPostprocessing = 0;
		};
		4F4600311873293D00F6659C /* Sources */ = {
			isa = PBXSourcesBuildPhase;
			buildActionMask = 2147483647;
			files = (
				4F4600451873293D00F6659C /* UIBindingTests.m in Sources */,
				4F46005E1873608900F6659C /* UIBoundLabelTests.m in Sources */,
			);
			runOnlyForDeploymentPostprocessing = 0;
		};
/* End PBXSourcesBuildPhase section */

/* Begin PBXTargetDependency section */
		4F46003C1873293D00F6659C /* PBXTargetDependency */ = {
			isa = PBXTargetDependency;
			target = 4F4600241873293D00F6659C /* UIBinding */;
			targetProxy = 4F46003B1873293D00F6659C /* PBXContainerItemProxy */;
		};
/* End PBXTargetDependency section */

/* Begin PBXVariantGroup section */
		4F4600411873293D00F6659C /* InfoPlist.strings */ = {
			isa = PBXVariantGroup;
			children = (
				4F4600421873293D00F6659C /* en */,
			);
			name = InfoPlist.strings;
			sourceTree = "<group>";
		};
/* End PBXVariantGroup section */

/* Begin XCBuildConfiguration section */
		4F4600461873293D00F6659C /* Debug */ = {
			isa = XCBuildConfiguration;
			buildSettings = {
				ALWAYS_SEARCH_USER_PATHS = NO;
				ARCHS = "$(ARCHS_STANDARD_INCLUDING_64_BIT)";
				CLANG_CXX_LANGUAGE_STANDARD = "gnu++0x";
				CLANG_CXX_LIBRARY = "libc++";
				CLANG_ENABLE_MODULES = YES;
				CLANG_ENABLE_OBJC_ARC = YES;
				CLANG_WARN_BOOL_CONVERSION = YES;
				CLANG_WARN_CONSTANT_CONVERSION = YES;
				CLANG_WARN_DIRECT_OBJC_ISA_USAGE = YES_ERROR;
				CLANG_WARN_EMPTY_BODY = YES;
				CLANG_WARN_ENUM_CONVERSION = YES;
				CLANG_WARN_INT_CONVERSION = YES;
				CLANG_WARN_OBJC_ROOT_CLASS = YES_ERROR;
				CLANG_WARN__DUPLICATE_METHOD_MATCH = YES;
				COPY_PHASE_STRIP = NO;
				GCC_C_LANGUAGE_STANDARD = gnu99;
				GCC_DYNAMIC_NO_PIC = NO;
				GCC_OPTIMIZATION_LEVEL = 0;
				GCC_PREPROCESSOR_DEFINITIONS = (
					"DEBUG=1",
					"$(inherited)",
				);
				GCC_SYMBOLS_PRIVATE_EXTERN = NO;
				GCC_WARN_64_TO_32_BIT_CONVERSION = YES;
				GCC_WARN_ABOUT_RETURN_TYPE = YES_ERROR;
				GCC_WARN_UNDECLARED_SELECTOR = YES;
				GCC_WARN_UNINITIALIZED_AUTOS = YES;
				GCC_WARN_UNUSED_FUNCTION = YES;
				GCC_WARN_UNUSED_VARIABLE = YES;
				IPHONEOS_DEPLOYMENT_TARGET = 6.0;
				ONLY_ACTIVE_ARCH = YES;
				SDKROOT = iphoneos;
			};
			name = Debug;
		};
		4F4600471873293D00F6659C /* Release */ = {
			isa = XCBuildConfiguration;
			buildSettings = {
				ALWAYS_SEARCH_USER_PATHS = NO;
				ARCHS = "$(ARCHS_STANDARD_INCLUDING_64_BIT)";
				CLANG_CXX_LANGUAGE_STANDARD = "gnu++0x";
				CLANG_CXX_LIBRARY = "libc++";
				CLANG_ENABLE_MODULES = YES;
				CLANG_ENABLE_OBJC_ARC = YES;
				CLANG_WARN_BOOL_CONVERSION = YES;
				CLANG_WARN_CONSTANT_CONVERSION = YES;
				CLANG_WARN_DIRECT_OBJC_ISA_USAGE = YES_ERROR;
				CLANG_WARN_EMPTY_BODY = YES;
				CLANG_WARN_ENUM_CONVERSION = YES;
				CLANG_WARN_INT_CONVERSION = YES;
				CLANG_WARN_OBJC_ROOT_CLASS = YES_ERROR;
				CLANG_WARN__DUPLICATE_METHOD_MATCH = YES;
				COPY_PHASE_STRIP = YES;
				ENABLE_NS_ASSERTIONS = NO;
				GCC_C_LANGUAGE_STANDARD = gnu99;
				GCC_WARN_64_TO_32_BIT_CONVERSION = YES;
				GCC_WARN_ABOUT_RETURN_TYPE = YES_ERROR;
				GCC_WARN_UNDECLARED_SELECTOR = YES;
				GCC_WARN_UNINITIALIZED_AUTOS = YES;
				GCC_WARN_UNUSED_FUNCTION = YES;
				GCC_WARN_UNUSED_VARIABLE = YES;
				IPHONEOS_DEPLOYMENT_TARGET = 6.0;
				SDKROOT = iphoneos;
				VALIDATE_PRODUCT = YES;
			};
			name = Release;
		};
		4F4600491873293D00F6659C /* Debug */ = {
			isa = XCBuildConfiguration;
			buildSettings = {
				DSTROOT = /tmp/UIBinding.dst;
				GCC_PRECOMPILE_PREFIX_HEADER = YES;
				GCC_PREFIX_HEADER = "Classes/UIBinding-Prefix.pch";
				OTHER_LDFLAGS = "-ObjC";
				PRODUCT_NAME = "$(TARGET_NAME)";
				SKIP_INSTALL = YES;
			};
			name = Debug;
		};
		4F46004A1873293D00F6659C /* Release */ = {
			isa = XCBuildConfiguration;
			buildSettings = {
				DSTROOT = /tmp/UIBinding.dst;
				GCC_PRECOMPILE_PREFIX_HEADER = YES;
				GCC_PREFIX_HEADER = "Classes/UIBinding-Prefix.pch";
				OTHER_LDFLAGS = "-ObjC";
				PRODUCT_NAME = "$(TARGET_NAME)";
				SKIP_INSTALL = YES;
			};
			name = Release;
		};
		4F46004C1873293D00F6659C /* Debug */ = {
			isa = XCBuildConfiguration;
			buildSettings = {
				ARCHS = "$(ARCHS_STANDARD_INCLUDING_64_BIT)";
				FRAMEWORK_SEARCH_PATHS = (
					"$(SDKROOT)/Developer/Library/Frameworks",
					"$(inherited)",
					"$(DEVELOPER_FRAMEWORKS_DIR)",
				);
				GCC_PRECOMPILE_PREFIX_HEADER = YES;
				GCC_PREFIX_HEADER = "Classes/UIBinding-Prefix.pch";
				GCC_PREPROCESSOR_DEFINITIONS = (
					"DEBUG=1",
					"$(inherited)",
				);
				INFOPLIST_FILE = "UIBindingTests/UIBindingTests-Info.plist";
				PRODUCT_NAME = "$(TARGET_NAME)";
				WRAPPER_EXTENSION = xctest;
			};
			name = Debug;
		};
		4F46004D1873293D00F6659C /* Release */ = {
			isa = XCBuildConfiguration;
			buildSettings = {
				ARCHS = "$(ARCHS_STANDARD_INCLUDING_64_BIT)";
				FRAMEWORK_SEARCH_PATHS = (
					"$(SDKROOT)/Developer/Library/Frameworks",
					"$(inherited)",
					"$(DEVELOPER_FRAMEWORKS_DIR)",
				);
				GCC_PRECOMPILE_PREFIX_HEADER = YES;
				GCC_PREFIX_HEADER = "Classes/UIBinding-Prefix.pch";
				INFOPLIST_FILE = "UIBindingTests/UIBindingTests-Info.plist";
				PRODUCT_NAME = "$(TARGET_NAME)";
				WRAPPER_EXTENSION = xctest;
			};
			name = Release;
		};
/* End XCBuildConfiguration section */

/* Begin XCConfigurationList section */
		4F4600201873293D00F6659C /* Build configuration list for PBXProject "UIBinding" */ = {
			isa = XCConfigurationList;
			buildConfigurations = (
				4F4600461873293D00F6659C /* Debug */,
				4F4600471873293D00F6659C /* Release */,
			);
			defaultConfigurationIsVisible = 0;
			defaultConfigurationName = Release;
		};
		4F4600481873293D00F6659C /* Build configuration list for PBXNativeTarget "UIBinding" */ = {
			isa = XCConfigurationList;
			buildConfigurations = (
				4F4600491873293D00F6659C /* Debug */,
				4F46004A1873293D00F6659C /* Release */,
			);
			defaultConfigurationIsVisible = 0;
			defaultConfigurationName = Release;
		};
		4F46004B1873293D00F6659C /* Build configuration list for PBXNativeTarget "UIBindingTests" */ = {
			isa = XCConfigurationList;
			buildConfigurations = (
				4F46004C1873293D00F6659C /* Debug */,
				4F46004D1873293D00F6659C /* Release */,
			);
			defaultConfigurationIsVisible = 0;
			defaultConfigurationName = Release;
		};
/* End XCConfigurationList section */
	};
	rootObject = 4F46001D1873293D00F6659C /* Project object */;
}
